
Microsoft Visual Studio Solution File, Format Version 12.00
# Visual Studio Version 17
VisualStudioVersion = 17.9.34616.47
MinimumVisualStudioVersion = 10.0.40219.1
Project("{FAE04EC0-301F-11D3-BF4B-00C04F79EFBC}") = "WebApplication", "WebApplication\WebApplication.csproj", "{80A1D3B7-8B2F-4A44-960D-F9F671E02366}"
EndProject
Global
	GlobalSection(SolutionConfigurationPlatforms) = preSolution
		Debug|Any CPU = Debug|Any CPU
		Release|Any CPU = Release|Any CPU
	EndGlobalSection
	GlobalSection(ProjectConfigurationPlatforms) = postSolution
		{80A1D3B7-8B2F-4A44-960D-F9F671E02366}.Debug|Any CPU.ActiveCfg = Debug|Any CPU
		{80A1D3B7-8B2F-4A44-960D-F9F671E02366}.Debug|Any CPU.Build.0 = Debug|Any CPU
		{80A1D3B7-8B2F-4A44-960D-F9F671E02366}.Release|Any CPU.ActiveCfg = Release|Any CPU
		{80A1D3B7-8B2F-4A44-960D-F9F671E02366}.Release|Any CPU.Build.0 = Release|Any CPU
	EndGlobalSection
	GlobalSection(SolutionProperties) = preSolution
		HideSolutionNode = FALSE
	EndGlobalSection
	GlobalSection(ExtensibilityGlobals) = postSolution
		SolutionGuid = {40B32599-00D1-452A-B11C-DD4B175C5BFC}
	EndGlobalSection
EndGlobal
